
Microsoft Visual Studio Solution File, Format Version 12.00
# Visual Studio Version 17
VisualStudioVersion = 17.9.34622.214
MinimumVisualStudioVersion = 10.0.40219.1
Project("{FAE04EC0-301F-11D3-BF4B-00C04F79EFBC}") = "Rova-2024", "Rova-2024\Rova-2024.csproj", "{F7B60759-2E9B-4D17-9602-C86D57AEA587}"
EndProject
Global
	GlobalSection(SolutionConfigurationPlatforms) = preSolution
		Debug|Any CPU = Debug|Any CPU
		Release|Any CPU = Release|Any CPU
	EndGlobalSection
	GlobalSection(ProjectConfigurationPlatforms) = postSolution
		{F7B60759-2E9B-4D17-9602-C86D57AEA587}.Debug|Any CPU.ActiveCfg = Debug|Any CPU
		{F7B60759-2E9B-4D17-9602-C86D57AEA587}.Debug|Any CPU.Build.0 = Debug|Any CPU
		{F7B60759-2E9B-4D17-9602-C86D57AEA587}.Release|Any CPU.ActiveCfg = Release|Any CPU
		{F7B60759-2E9B-4D17-9602-C86D57AEA587}.Release|Any CPU.Build.0 = Release|Any CPU
	EndGlobalSection
	GlobalSection(SolutionProperties) = preSolution
		HideSolutionNode = FALSE
	EndGlobalSection
	GlobalSection(ExtensibilityGlobals) = postSolution
		SolutionGuid = {F04F818E-DB74-475E-8729-A783AC63C5B2}
	EndGlobalSection
EndGlobal
